
Microsoft Visual Studio Solution File, Format Version 12.00
# Visual Studio Version 16
VisualStudioVersion = 16.0.30413.136
MinimumVisualStudioVersion = 10.0.40219.1
Project("{9A19103F-16F7-4668-BE54-9A1E7A4F7556}") = "Bysykkel", "BysykkelMvc\BysykkelMvc.csproj", "{E8EB66BF-C182-4A37-8086-8D4098C18A72}"
EndProject
Project("{FAE04EC0-301F-11D3-BF4B-00C04F79EFBC}") = "BysykkelData", "BysykkelData\BysykkelData.csproj", "{54E1379E-9A7C-4C8C-BE3F-DC523837396A}"
EndProject
Global
	GlobalSection(SolutionConfigurationPlatforms) = preSolution
		Debug|Any CPU = Debug|Any CPU
		Release|Any CPU = Release|Any CPU
	EndGlobalSection
	GlobalSection(ProjectConfigurationPlatforms) = postSolution
		{E8EB66BF-C182-4A37-8086-8D4098C18A72}.Debug|Any CPU.ActiveCfg = Debug|Any CPU
		{E8EB66BF-C182-4A37-8086-8D4098C18A72}.Debug|Any CPU.Build.0 = Debug|Any CPU
		{E8EB66BF-C182-4A37-8086-8D4098C18A72}.Release|Any CPU.ActiveCfg = Release|Any CPU
		{E8EB66BF-C182-4A37-8086-8D4098C18A72}.Release|Any CPU.Build.0 = Release|Any CPU
		{54E1379E-9A7C-4C8C-BE3F-DC523837396A}.Debug|Any CPU.ActiveCfg = Debug|Any CPU
		{54E1379E-9A7C-4C8C-BE3F-DC523837396A}.Debug|Any CPU.Build.0 = Debug|Any CPU
		{54E1379E-9A7C-4C8C-BE3F-DC523837396A}.Release|Any CPU.ActiveCfg = Release|Any CPU
		{54E1379E-9A7C-4C8C-BE3F-DC523837396A}.Release|Any CPU.Build.0 = Release|Any CPU
	EndGlobalSection
	GlobalSection(SolutionProperties) = preSolution
		HideSolutionNode = FALSE
	EndGlobalSection
	GlobalSection(ExtensibilityGlobals) = postSolution
		SolutionGuid = {3B9C81BD-D6C3-4D03-A183-12951A675517}
	EndGlobalSection
EndGlobal
